# THIS IS AN AUTOGENERATED FILE. DO NOT EDIT THIS FILE DIRECTLY.
# yarn lockfile v1


"@icons/material@^0.2.4":
  version "0.2.4"
  resolved "https://registry.yarnpkg.com/@icons/material/-/material-0.2.4.tgz#e90c9f71768b3736e76d7dd6783fc6c2afa88bc8"
  integrity sha512-QPcGmICAPbGLGb6F/yNf/KzKqvFx8z5qx3D1yFqVAjoFmXK35EgyW+cJ57Te3CNsmzblwtzakLGFqHPqrfb4Tw==

"@reapit/foundations-ts-definitions@2020-02-13":
  version "0.0.68"
  resolved "https://registry.yarnpkg.com/@reapit/foundations-ts-definitions/-/foundations-ts-definitions-0.0.68.tgz#61331dc5552900159eb66ad5e496695b53597add"
  integrity sha512-dwnlpcwZW1ITeVQezIBVR540twnO9rGzf9GCXsIgp/Ay2DAulPxXDKfwWbBcOa/CkEPzgsH35W3VXlXiw2rBSA==

"@types/prop-types@*":
  version "15.7.3"
  resolved "https://registry.yarnpkg.com/@types/prop-types/-/prop-types-15.7.3.tgz#2ab0d5da2e5815f94b0b9d4b95d1e5f243ab2ca7"
  integrity sha512-KfRL3PuHmqQLOG+2tGpRO26Ctg+Cq1E01D2DMriKEATHgWLfeNDmq9e29Q9WIky0dQ3NPkd1mzYH8Lm936Z9qw==

"@types/react-color@^3.0.4":
  version "3.0.4"
  resolved "https://registry.yarnpkg.com/@types/react-color/-/react-color-3.0.4.tgz#c63daf012ad067ac0127bdd86725f079d02082bd"
  integrity sha512-EswbYJDF1kkrx93/YU+BbBtb46CCtDMvTiGmcOa/c5PETnwTiSWoseJ1oSWeRl/4rUXkhME9bVURvvPg0W5YQw==
  dependencies:
    "@types/react" "*"
    "@types/reactcss" "*"

"@types/react@*":
  version "16.9.47"
  resolved "https://registry.yarnpkg.com/@types/react/-/react-16.9.47.tgz#fb092936f0b56425f874d0ff1b08051fdf70c1ba"
  integrity sha512-dAJO4VbrjYqTUwFiQqAKjLyHHl4RSTNnRyPdX3p16MPbDKvow51wxATUPxoe2QsiXNMEYrOjc2S6s92VjG+1VQ==
  dependencies:
    "@types/prop-types" "*"
    csstype "^3.0.2"

"@types/reactcss@*":
  version "1.2.3"
  resolved "https://registry.yarnpkg.com/@types/reactcss/-/reactcss-1.2.3.tgz#af28ae11bbb277978b99d04d1eedfd068ca71834"
  integrity sha512-d2gQQ0IL6hXLnoRfVYZukQNWHuVsE75DzFTLPUuyyEhJS8G2VvlE+qfQQ91SJjaMqlURRCNIsX7Jcsw6cEuJlA==
  dependencies:
    "@types/react" "*"

classnames@^2.2.5:
  version "2.2.6"
  resolved "https://registry.yarnpkg.com/classnames/-/classnames-2.2.6.tgz#43935bffdd291f326dad0a205309b38d00f650ce"
  integrity sha512-JR/iSQOSt+LQIWwrwEzJ9uk0xfN3mTVYMwt1Ir5mUcSN6pU+V4zQFFaJsclJbPuAUQH+yfWef6tm7l1quW3C8Q==

csstype@^3.0.2:
  version "3.0.3"
  resolved "https://registry.yarnpkg.com/csstype/-/csstype-3.0.3.tgz#2b410bbeba38ba9633353aff34b05d9755d065f8"
  integrity sha512-jPl+wbWPOWJ7SXsWyqGRk3lGecbar0Cb0OvZF/r/ZU011R4YqiRehgkQ9p4eQfo9DSDLqLL3wHwfxeJiuIsNag==

"js-tokens@^3.0.0 || ^4.0.0":
  version "4.0.0"
  resolved "https://registry.yarnpkg.com/js-tokens/-/js-tokens-4.0.0.tgz#19203fb59991df98e3a287050d4647cdeaf32499"
  integrity sha512-RdJUflcE3cUzKiMqQgsCu06FPu9UdIJO0beYbPhHN4k6apgJtifcoCtT9bcxOpYBtpD2kCM6Sbzg4CausW/PKQ==

lodash@^4.0.1, lodash@^4.17.11:
  version "4.17.20"
  resolved "https://registry.yarnpkg.com/lodash/-/lodash-4.17.20.tgz#b44a9b6297bcb698f1c51a3545a2b3b368d59c52"
  integrity sha512-PlhdFcillOINfeV7Ni6oF1TAEayyZBoZ8bcshTHqOYJYlrqzRK5hagpagky5o4HfCzzd1TRkXPMFq6cKk9rGmA==

loose-envify@^1.4.0:
  version "1.4.0"
  resolved "https://registry.yarnpkg.com/loose-envify/-/loose-envify-1.4.0.tgz#71ee51fa7be4caec1a63839f7e682d8132d30caf"
  integrity sha512-lyuxPGr/Wfhrlem2CL/UcnUc1zcqKAImBDzukY7Y5F/yQiNdko6+fRLevlw1HgMySw7f611UIY408EtxRSoK3Q==
  dependencies:
    js-tokens "^3.0.0 || ^4.0.0"

material-colors@^1.2.1:
  version "1.2.6"
  resolved "https://registry.yarnpkg.com/material-colors/-/material-colors-1.2.6.tgz#6d1958871126992ceecc72f4bcc4d8f010865f46"
  integrity sha512-6qE4B9deFBIa9YSpOc9O0Sgc43zTeVYbgDT5veRKSlB2+ZuHNoVVxA1L/ckMUayV9Ay9y7Z/SZCLcGteW9i7bg==

object-assign@^4.1.1:
  version "4.1.1"
  resolved "https://registry.yarnpkg.com/object-assign/-/object-assign-4.1.1.tgz#2109adc7965887cfc05cbbd442cac8bfbb360863"
  integrity sha1-IQmtx5ZYh8/AXLvUQsrIv7s2CGM=

prop-types@^15.5.10, prop-types@^15.5.8:
  version "15.7.2"
  resolved "https://registry.yarnpkg.com/prop-types/-/prop-types-15.7.2.tgz#52c41e75b8c87e72b9d9360e0206b99dcbffa6c5"
  integrity sha512-8QQikdH7//R2vurIJSutZ1smHYTcLpRWEOlHnzcWHmBYrOGUysKwSsrC89BCiFj3CbrfJ/nXFdJepOVrY1GCHQ==
  dependencies:
    loose-envify "^1.4.0"
    object-assign "^4.1.1"
    react-is "^16.8.1"

react-color@^2.18.1:
  version "2.18.1"
  resolved "https://registry.yarnpkg.com/react-color/-/react-color-2.18.1.tgz#2cda8cc8e06a9e2c52ad391a30ddad31972472f4"
  integrity sha512-X5XpyJS6ncplZs74ak0JJoqPi+33Nzpv5RYWWxn17bslih+X7OlgmfpmGC1fNvdkK7/SGWYf1JJdn7D2n5gSuQ==
  dependencies:
    "@icons/material" "^0.2.4"
    lodash "^4.17.11"
    material-colors "^1.2.1"
    prop-types "^15.5.10"
    reactcss "^1.2.0"
    tinycolor2 "^1.4.1"

react-easy-swipe@^0.0.18:
  version "0.0.18"
  resolved "https://registry.yarnpkg.com/react-easy-swipe/-/react-easy-swipe-0.0.18.tgz#3f52a05dbe3f8817bb8db94e743f6d966bbe89aa"
  integrity sha512-IddCZANbT0qVbGFEihfWOkZb/rFpeA3VV87SNOOqPzmSZ93G0nDSyHD28zuGhYJilwEP33MqYv/dwo+zaZha3Q==
  dependencies:
    prop-types "^15.5.8"

react-is@^16.8.1:
  version "16.13.1"
  resolved "https://registry.yarnpkg.com/react-is/-/react-is-16.13.1.tgz#789729a4dc36de2999dc156dd6c1d9c18cea56a4"
  integrity sha512-24e6ynE2H+OKt4kqsOvNd8kBpV65zoxbA4BVsEOB3ARVWQki/DHzaUoC5KuON/BiccDaCCTZBuOcfZs70kR8bQ==

react-responsive-carousel@^3.2.9:
  version "3.2.9"
  resolved "https://registry.yarnpkg.com/react-responsive-carousel/-/react-responsive-carousel-3.2.9.tgz#15ea4d2849bdce2fe3d9071976dd86479e6d6e62"
  integrity sha512-oTLbI4VnZXmRDRHBa7EHFCydHi4ZraH5sZTMR/7pMnapCTdNzdwC3sXeJVduJYM29TEs9lGYgkKQPLB6GlEuUg==
  dependencies:
    classnames "^2.2.5"
    prop-types "^15.5.8"
    react-easy-swipe "^0.0.18"

reactcss@^1.2.0:
  version "1.2.3"
  resolved "https://registry.yarnpkg.com/reactcss/-/reactcss-1.2.3.tgz#c00013875e557b1cf0dfd9a368a1c3dab3b548dd"
  integrity sha512-KiwVUcFu1RErkI97ywr8nvx8dNOpT03rbnma0SSalTYjkrPYaEajR4a/MRt6DZ46K6arDRbWMNHF+xH7G7n/8A==
  dependencies:
    lodash "^4.0.1"

tinycolor2@^1.4.1:
  version "1.4.1"
  resolved "https://registry.yarnpkg.com/tinycolor2/-/tinycolor2-1.4.1.tgz#f4fad333447bc0b07d4dc8e9209d8f39a8ac77e8"
  integrity sha1-9PrTM0R7wLB9TcjpIJ2POaisd+g=
