# THIS IS AN AUTOGENERATED FILE. DO NOT EDIT THIS FILE DIRECTLY.
# yarn lockfile v1


"@reapit/foundations-ts-definitions@2020-02-13":
  version "0.0.68"
  resolved "https://registry.yarnpkg.com/@reapit/foundations-ts-definitions/-/foundations-ts-definitions-0.0.68.tgz#61331dc5552900159eb66ad5e496695b53597add"
  integrity sha512-dwnlpcwZW1ITeVQezIBVR540twnO9rGzf9GCXsIgp/Ay2DAulPxXDKfwWbBcOa/CkEPzgsH35W3VXlXiw2rBSA==
